// !$*UTF8*$!
{
	archiveVersion = 1;
	classes = {
	};
	objectVersion = 56;
	objects = {

/* Begin PBXBuildFile section */
		5E58C9D02AE5F72800D7B061 /* Extension.swift in Sources */ = {isa = PBXBuildFile; fileRef = 5E58C9CF2AE5F72800D7B061 /* Extension.swift */; };
		5E7C03582ADD62AE00AF50E4 /* ImageEditor.swift in Sources */ = {isa = PBXBuildFile; fileRef = 5E7C03572ADD62AE00AF50E4 /* ImageEditor.swift */; };
		5E824E162ADCF07400F2BDEC /* Music_Progressive_BarApp.swift in Sources */ = {isa = PBXBuildFile; fileRef = 5E824E152ADCF07400F2BDEC /* Music_Progressive_BarApp.swift */; };
		5E824E1A2ADCF07600F2BDEC /* Assets.xcassets in Resources */ = {isa = PBXBuildFile; fileRef = 5E824E192ADCF07600F2BDEC /* Assets.xcassets */; };
		5E824E1D2ADCF07600F2BDEC /* Preview Assets.xcassets in Resources */ = {isa = PBXBuildFile; fileRef = 5E824E1C2ADCF07600F2BDEC /* Preview Assets.xcassets */; };
		5E824E272ADCF07600F2BDEC /* Music_Progressive_BarTests.swift in Sources */ = {isa = PBXBuildFile; fileRef = 5E824E262ADCF07600F2BDEC /* Music_Progressive_BarTests.swift */; };
		5E824E312ADCF07600F2BDEC /* Music_Progressive_BarUITests.swift in Sources */ = {isa = PBXBuildFile; fileRef = 5E824E302ADCF07600F2BDEC /* Music_Progressive_BarUITests.swift */; };
		5E824E332ADCF07600F2BDEC /* Music_Progressive_BarUITestsLaunchTests.swift in Sources */ = {isa = PBXBuildFile; fileRef = 5E824E322ADCF07600F2BDEC /* Music_Progressive_BarUITestsLaunchTests.swift */; };
		5E824E432ADD070A00F2BDEC /* ProgressMusicBarView.swift in Sources */ = {isa = PBXBuildFile; fileRef = 5E824E422ADD070A00F2BDEC /* ProgressMusicBarView.swift */; };
		5E824E452ADD166800F2BDEC /* ProgressiveViewModel.swift in Sources */ = {isa = PBXBuildFile; fileRef = 5E824E442ADD166800F2BDEC /* ProgressiveViewModel.swift */; };
		5E824E492ADD197C00F2BDEC /* Const.swift in Sources */ = {isa = PBXBuildFile; fileRef = 5E824E482ADD197B00F2BDEC /* Const.swift */; };
		5EABB5622ADFA5E70013EFB6 /* AngleCacular.swift in Sources */ = {isa = PBXBuildFile; fileRef = 5EABB5612ADFA5E70013EFB6 /* AngleCacular.swift */; };
		5EABB5662ADFCE940013EFB6 /* fetchAudioMetadata.swift in Sources */ = {isa = PBXBuildFile; fileRef = 5EABB5652ADFCE940013EFB6 /* fetchAudioMetadata.swift */; };
		5EABB5682ADFD28C0013EFB6 /* HomeView.swift in Sources */ = {isa = PBXBuildFile; fileRef = 5EABB5672ADFD28C0013EFB6 /* HomeView.swift */; };
		5EABB56B2ADFD5BC0013EFB6 /* SwiftUILib.DocumentPicker in Frameworks */ = {isa = PBXBuildFile; productRef = 5EABB56A2ADFD5BC0013EFB6 /* SwiftUILib.DocumentPicker */; };
		5EE51BEF2AE0AA4B0039D603 /* MusicInfoModel.swift in Sources */ = {isa = PBXBuildFile; fileRef = 5EE51BEE2AE0AA4B0039D603 /* MusicInfoModel.swift */; };
		5EE51BF12AE0AE510039D603 /* stateManager.swift in Sources */ = {isa = PBXBuildFile; fileRef = 5EE51BF02AE0AE510039D603 /* stateManager.swift */; };
		5EE51BF32AE0E6850039D603 /* AudioModel.swift in Sources */ = {isa = PBXBuildFile; fileRef = 5EE51BF22AE0E6850039D603 /* AudioModel.swift */; };
/* End PBXBuildFile section */

/* Begin PBXContainerItemProxy section */
		5E824E232ADCF07600F2BDEC /* PBXContainerItemProxy */ = {
			isa = PBXContainerItemProxy;
			containerPortal = 5E824E0A2ADCF07400F2BDEC /* Project object */;
			proxyType = 1;
			remoteGlobalIDString = 5E824E112ADCF07400F2BDEC;
			remoteInfo = "Music Progressive Bar";
		};
		5E824E2D2ADCF07600F2BDEC /* PBXContainerItemProxy */ = {
			isa = PBXContainerItemProxy;
			containerPortal = 5E824E0A2ADCF07400F2BDEC /* Project object */;
			proxyType = 1;
			remoteGlobalIDString = 5E824E112ADCF07400F2BDEC;
			remoteInfo = "Music Progressive Bar";
		};
/* End PBXContainerItemProxy section */

/* Begin PBXFileReference section */
		5E1EB7B02AE001F300CF7EDF /* Music-Progressive-Bar-Info.plist */ = {isa = PBXFileReference; lastKnownFileType = text.plist; path = "Music-Progressive-Bar-Info.plist"; sourceTree = SOURCE_ROOT; };
		5E58C9CF2AE5F72800D7B061 /* Extension.swift */ = {isa = PBXFileReference; lastKnownFileType = sourcecode.swift; path = Extension.swift; sourceTree = "<group>"; };
		5E7C03572ADD62AE00AF50E4 /* ImageEditor.swift */ = {isa = PBXFileReference; lastKnownFileType = sourcecode.swift; path = ImageEditor.swift; sourceTree = "<group>"; };
		5E824E122ADCF07400F2BDEC /* Music Progressive Bar.app */ = {isa = PBXFileReference; explicitFileType = wrapper.application; includeInIndex = 0; path = "Music Progressive Bar.app"; sourceTree = BUILT_PRODUCTS_DIR; };
		5E824E152ADCF07400F2BDEC /* Music_Progressive_BarApp.swift */ = {isa = PBXFileReference; lastKnownFileType = sourcecode.swift; path = Music_Progressive_BarApp.swift; sourceTree = "<group>"; };
		5E824E192ADCF07600F2BDEC /* Assets.xcassets */ = {isa = PBXFileReference; lastKnownFileType = folder.assetcatalog; path = Assets.xcassets; sourceTree = "<group>"; };
		5E824E1C2ADCF07600F2BDEC /* Preview Assets.xcassets */ = {isa = PBXFileReference; lastKnownFileType = folder.assetcatalog; path = "Preview Assets.xcassets"; sourceTree = "<group>"; };
		5E824E222ADCF07600F2BDEC /* Music Progressive BarTests.xctest */ = {isa = PBXFileReference; explicitFileType = wrapper.cfbundle; includeInIndex = 0; path = "Music Progressive BarTests.xctest"; sourceTree = BUILT_PRODUCTS_DIR; };
		5E824E262ADCF07600F2BDEC /* Music_Progressive_BarTests.swift */ = {isa = PBXFileReference; lastKnownFileType = sourcecode.swift; path = Music_Progressive_BarTests.swift; sourceTree = "<group>"; };
		5E824E2C2ADCF07600F2BDEC /* Music Progressive BarUITests.xctest */ = {isa = PBXFileReference; explicitFileType = wrapper.cfbundle; includeInIndex = 0; path = "Music Progressive BarUITests.xctest"; sourceTree = BUILT_PRODUCTS_DIR; };
		5E824E302ADCF07600F2BDEC /* Music_Progressive_BarUITests.swift */ = {isa = PBXFileReference; lastKnownFileType = sourcecode.swift; path = Music_Progressive_BarUITests.swift; sourceTree = "<group>"; };
		5E824E322ADCF07600F2BDEC /* Music_Progressive_BarUITestsLaunchTests.swift */ = {isa = PBXFileReference; lastKnownFileType = sourcecode.swift; path = Music_Progressive_BarUITestsLaunchTests.swift; sourceTree = "<group>"; };
		5E824E422ADD070A00F2BDEC /* ProgressMusicBarView.swift */ = {isa = PBXFileReference; lastKnownFileType = sourcecode.swift; path = ProgressMusicBarView.swift; sourceTree = "<group>"; };
		5E824E442ADD166800F2BDEC /* ProgressiveViewModel.swift */ = {isa = PBXFileReference; lastKnownFileType = sourcecode.swift; path = ProgressiveViewModel.swift; sourceTree = "<group>"; };
		5E824E482ADD197B00F2BDEC /* Const.swift */ = {isa = PBXFileReference; lastKnownFileType = sourcecode.swift; path = Const.swift; sourceTree = "<group>"; };
		5EABB5612ADFA5E70013EFB6 /* AngleCacular.swift */ = {isa = PBXFileReference; lastKnownFileType = sourcecode.swift; path = AngleCacular.swift; sourceTree = "<group>"; };
		5EABB5652ADFCE940013EFB6 /* fetchAudioMetadata.swift */ = {isa = PBXFileReference; lastKnownFileType = sourcecode.swift; path = fetchAudioMetadata.swift; sourceTree = "<group>"; };
		5EABB5672ADFD28C0013EFB6 /* HomeView.swift */ = {isa = PBXFileReference; lastKnownFileType = sourcecode.swift; path = HomeView.swift; sourceTree = "<group>"; };
		5EE51BEE2AE0AA4B0039D603 /* MusicInfoModel.swift */ = {isa = PBXFileReference; lastKnownFileType = sourcecode.swift; path = MusicInfoModel.swift; sourceTree = "<group>"; };
		5EE51BF02AE0AE510039D603 /* stateManager.swift */ = {isa = PBXFileReference; lastKnownFileType = sourcecode.swift; path = stateManager.swift; sourceTree = "<group>"; };
		5EE51BF22AE0E6850039D603 /* AudioModel.swift */ = {isa = PBXFileReference; lastKnownFileType = sourcecode.swift; path = AudioModel.swift; sourceTree = "<group>"; };
/* End PBXFileReference section */

/* Begin PBXFrameworksBuildPhase section */
		5E824E0F2ADCF07400F2BDEC /* Frameworks */ = {
			isa = PBXFrameworksBuildPhase;
			buildActionMask = 2147483647;
			files = (
				5EABB56B2ADFD5BC0013EFB6 /* SwiftUILib.DocumentPicker in Frameworks */,
			);
			runOnlyForDeploymentPostprocessing = 0;
		};
		5E824E1F2ADCF07600F2BDEC /* Frameworks */ = {
			isa = PBXFrameworksBuildPhase;
			buildActionMask = 2147483647;
			files = (
			);
			runOnlyForDeploymentPostprocessing = 0;
		};
		5E824E292ADCF07600F2BDEC /* Frameworks */ = {
			isa = PBXFrameworksBuildPhase;
			buildActionMask = 2147483647;
			files = (
			);
			runOnlyForDeploymentPostprocessing = 0;
		};
/* End PBXFrameworksBuildPhase section */

/* Begin PBXGroup section */
		5E824E092ADCF07400F2BDEC = {
			isa = PBXGroup;
			children = (
				5E824E142ADCF07400F2BDEC /* Music Progressive Bar */,
				5E824E252ADCF07600F2BDEC /* Music Progressive BarTests */,
				5E824E2F2ADCF07600F2BDEC /* Music Progressive BarUITests */,
				5E824E132ADCF07400F2BDEC /* Products */,
			);
			sourceTree = "<group>";
		};
		5E824E132ADCF07400F2BDEC /* Products */ = {
			isa = PBXGroup;
			children = (
				5E824E122ADCF07400F2BDEC /* Music Progressive Bar.app */,
				5E824E222ADCF07600F2BDEC /* Music Progressive BarTests.xctest */,
				5E824E2C2ADCF07600F2BDEC /* Music Progressive BarUITests.xctest */,
			);
			name = Products;
			sourceTree = "<group>";
		};
		5E824E142ADCF07400F2BDEC /* Music Progressive Bar */ = {
			isa = PBXGroup;
			children = (
				5E1EB7B02AE001F300CF7EDF /* Music-Progressive-Bar-Info.plist */,
				5E824E412ADD06B000F2BDEC /* View */,
				5E824E402ADD06A600F2BDEC /* View Model */,
				5E824E3F2ADD069E00F2BDEC /* Model */,
				5E824E152ADCF07400F2BDEC /* Music_Progressive_BarApp.swift */,
				5E824E192ADCF07600F2BDEC /* Assets.xcassets */,
				5E824E1B2ADCF07600F2BDEC /* Preview Content */,
				5E824E482ADD197B00F2BDEC /* Const.swift */,
				5E58C9CF2AE5F72800D7B061 /* Extension.swift */,
			);
			path = "Music Progressive Bar";
			sourceTree = "<group>";
		};
		5E824E1B2ADCF07600F2BDEC /* Preview Content */ = {
			isa = PBXGroup;
			children = (
				5E824E1C2ADCF07600F2BDEC /* Preview Assets.xcassets */,
			);
			path = "Preview Content";
			sourceTree = "<group>";
		};
		5E824E252ADCF07600F2BDEC /* Music Progressive BarTests */ = {
			isa = PBXGroup;
			children = (
				5E824E262ADCF07600F2BDEC /* Music_Progressive_BarTests.swift */,
			);
			path = "Music Progressive BarTests";
			sourceTree = "<group>";
		};
		5E824E2F2ADCF07600F2BDEC /* Music Progressive BarUITests */ = {
			isa = PBXGroup;
			children = (
				5E824E302ADCF07600F2BDEC /* Music_Progressive_BarUITests.swift */,
				5E824E322ADCF07600F2BDEC /* Music_Progressive_BarUITestsLaunchTests.swift */,
			);
			path = "Music Progressive BarUITests";
			sourceTree = "<group>";
		};
		5E824E3F2ADD069E00F2BDEC /* Model */ = {
			isa = PBXGroup;
			children = (
				5EABB5612ADFA5E70013EFB6 /* AngleCacular.swift */,
				5EABB5652ADFCE940013EFB6 /* fetchAudioMetadata.swift */,
				5E7C03572ADD62AE00AF50E4 /* ImageEditor.swift */,
				5EE51BEE2AE0AA4B0039D603 /* MusicInfoModel.swift */,
				5EE51BF22AE0E6850039D603 /* AudioModel.swift */,
			);
			path = Model;
			sourceTree = "<group>";
		};
		5E824E402ADD06A600F2BDEC /* View Model */ = {
			isa = PBXGroup;
			children = (
				5E824E442ADD166800F2BDEC /* ProgressiveViewModel.swift */,
				5EE51BF02AE0AE510039D603 /* stateManager.swift */,
			);
			path = "View Model";
			sourceTree = "<group>";
		};
		5E824E412ADD06B000F2BDEC /* View */ = {
			isa = PBXGroup;
			children = (
				5E824E422ADD070A00F2BDEC /* ProgressMusicBarView.swift */,
				5EABB5672ADFD28C0013EFB6 /* HomeView.swift */,
			);
			path = View;
			sourceTree = "<group>";
		};
/* End PBXGroup section */

/* Begin PBXNativeTarget section */
		5E824E112ADCF07400F2BDEC /* Music Progressive Bar */ = {
			isa = PBXNativeTarget;
			buildConfigurationList = 5E824E362ADCF07600F2BDEC /* Build configuration list for PBXNativeTarget "Music Progressive Bar" */;
			buildPhases = (
				5E824E0E2ADCF07400F2BDEC /* Sources */,
				5E824E0F2ADCF07400F2BDEC /* Frameworks */,
				5E824E102ADCF07400F2BDEC /* Resources */,
			);
			buildRules = (
			);
			dependencies = (
			);
			name = "Music Progressive Bar";
			packageProductDependencies = (
				5EABB56A2ADFD5BC0013EFB6 /* SwiftUILib.DocumentPicker */,
			);
			productName = "Music Progressive Bar";
			productReference = 5E824E122ADCF07400F2BDEC /* Music Progressive Bar.app */;
			productType = "com.apple.product-type.application";
		};
		5E824E212ADCF07600F2BDEC /* Music Progressive BarTests */ = {
			isa = PBXNativeTarget;
			buildConfigurationList = 5E824E392ADCF07600F2BDEC /* Build configuration list for PBXNativeTarget "Music Progressive BarTests" */;
			buildPhases = (
				5E824E1E2ADCF07600F2BDEC /* Sources */,
				5E824E1F2ADCF07600F2BDEC /* Frameworks */,
				5E824E202ADCF07600F2BDEC /* Resources */,
			);
			buildRules = (
			);
			dependencies = (
				5E824E242ADCF07600F2BDEC /* PBXTargetDependency */,
			);
			name = "Music Progressive BarTests";
			productName = "Music Progressive BarTests";
			productReference = 5E824E222ADCF07600F2BDEC /* Music Progressive BarTests.xctest */;
			productType = "com.apple.product-type.bundle.unit-test";
		};
		5E824E2B2ADCF07600F2BDEC /* Music Progressive BarUITests */ = {
			isa = PBXNativeTarget;
			buildConfigurationList = 5E824E3C2ADCF07600F2BDEC /* Build configuration list for PBXNativeTarget "Music Progressive BarUITests" */;
			buildPhases = (
				5E824E282ADCF07600F2BDEC /* Sources */,
				5E824E292ADCF07600F2BDEC /* Frameworks */,
				5E824E2A2ADCF07600F2BDEC /* Resources */,
			);
			buildRules = (
			);
			dependencies = (
				5E824E2E2ADCF07600F2BDEC /* PBXTargetDependency */,
			);
			name = "Music Progressive BarUITests";
			productName = "Music Progressive BarUITests";
			productReference = 5E824E2C2ADCF07600F2BDEC /* Music Progressive BarUITests.xctest */;
			productType = "com.apple.product-type.bundle.ui-testing";
		};
/* End PBXNativeTarget section */

/* Begin PBXProject section */
		5E824E0A2ADCF07400F2BDEC /* Project object */ = {
			isa = PBXProject;
			attributes = {
				BuildIndependentTargetsInParallel = 1;
				LastSwiftUpdateCheck = 1500;
				LastUpgradeCheck = 1500;
				TargetAttributes = {
					5E824E112ADCF07400F2BDEC = {
						CreatedOnToolsVersion = 15.0;
					};
					5E824E212ADCF07600F2BDEC = {
						CreatedOnToolsVersion = 15.0;
						TestTargetID = 5E824E112ADCF07400F2BDEC;
					};
					5E824E2B2ADCF07600F2BDEC = {
						CreatedOnToolsVersion = 15.0;
						TestTargetID = 5E824E112ADCF07400F2BDEC;
					};
				};
			};
			buildConfigurationList = 5E824E0D2ADCF07400F2BDEC /* Build configuration list for PBXProject "Music Progressive Bar" */;
			compatibilityVersion = "Xcode 14.0";
			developmentRegion = en;
			hasScannedForEncodings = 0;
			knownRegions = (
				en,
				Base,
			);
			mainGroup = 5E824E092ADCF07400F2BDEC;
			packageReferences = (
				5EABB5692ADFD5BC0013EFB6 /* XCRemoteSwiftPackageReference "document-picker" */,
			);
			productRefGroup = 5E824E132ADCF07400F2BDEC /* Products */;
			projectDirPath = "";
			projectRoot = "";
			targets = (
				5E824E112ADCF07400F2BDEC /* Music Progressive Bar */,
				5E824E212ADCF07600F2BDEC /* Music Progressive BarTests */,
				5E824E2B2ADCF07600F2BDEC /* Music Progressive BarUITests */,
			);
		};
/* End PBXProject section */

/* Begin PBXResourcesBuildPhase section */
		5E824E102ADCF07400F2BDEC /* Resources */ = {
			isa = PBXResourcesBuildPhase;
			buildActionMask = 2147483647;
			files = (
				5E824E1D2ADCF07600F2BDEC /* Preview Assets.xcassets in Resources */,
				5E824E1A2ADCF07600F2BDEC /* Assets.xcassets in Resources */,
			);
			runOnlyForDeploymentPostprocessing = 0;
		};
		5E824E202ADCF07600F2BDEC /* Resources */ = {
			isa = PBXResourcesBuildPhase;
			buildActionMask = 2147483647;
			files = (
			);
			runOnlyForDeploymentPostprocessing = 0;
		};
		5E824E2A2ADCF07600F2BDEC /* Resources */ = {
			isa = PBXResourcesBuildPhase;
			buildActionMask = 2147483647;
			files = (
			);
			runOnlyForDeploymentPostprocessing = 0;
		};
/* End PBXResourcesBuildPhase section */

/* Begin PBXSourcesBuildPhase section */
		5E824E0E2ADCF07400F2BDEC /* Sources */ = {
			isa = PBXSourcesBuildPhase;
			buildActionMask = 2147483647;
			files = (
				5E7C03582ADD62AE00AF50E4 /* ImageEditor.swift in Sources */,
				5EE51BF12AE0AE510039D603 /* stateManager.swift in Sources */,
				5EABB5662ADFCE940013EFB6 /* fetchAudioMetadata.swift in Sources */,
				5E58C9D02AE5F72800D7B061 /* Extension.swift in Sources */,
				5EABB5682ADFD28C0013EFB6 /* HomeView.swift in Sources */,
				5E824E162ADCF07400F2BDEC /* Music_Progressive_BarApp.swift in Sources */,
				5EE51BEF2AE0AA4B0039D603 /* MusicInfoModel.swift in Sources */,
				5E824E452ADD166800F2BDEC /* ProgressiveViewModel.swift in Sources */,
				5E824E432ADD070A00F2BDEC /* ProgressMusicBarView.swift in Sources */,
				5E824E492ADD197C00F2BDEC /* Const.swift in Sources */,
				5EE51BF32AE0E6850039D603 /* AudioModel.swift in Sources */,
				5EABB5622ADFA5E70013EFB6 /* AngleCacular.swift in Sources */,
			);
			runOnlyForDeploymentPostprocessing = 0;
		};
		5E824E1E2ADCF07600F2BDEC /* Sources */ = {
			isa = PBXSourcesBuildPhase;
			buildActionMask = 2147483647;
			files = (
				5E824E272ADCF07600F2BDEC /* Music_Progressive_BarTests.swift in Sources */,
			);
			runOnlyForDeploymentPostprocessing = 0;
		};
		5E824E282ADCF07600F2BDEC /* Sources */ = {
			isa = PBXSourcesBuildPhase;
			buildActionMask = 2147483647;
			files = (
				5E824E332ADCF07600F2BDEC /* Music_Progressive_BarUITestsLaunchTests.swift in Sources */,
				5E824E312ADCF07600F2BDEC /* Music_Progressive_BarUITests.swift in Sources */,
			);
			runOnlyForDeploymentPostprocessing = 0;
		};
/* End PBXSourcesBuildPhase section */

/* Begin PBXTargetDependency section */
		5E824E242ADCF07600F2BDEC /* PBXTargetDependency */ = {
			isa = PBXTargetDependency;
			target = 5E824E112ADCF07400F2BDEC /* Music Progressive Bar */;
			targetProxy = 5E824E232ADCF07600F2BDEC /* PBXContainerItemProxy */;
		};
		5E824E2E2ADCF07600F2BDEC /* PBXTargetDependency */ = {
			isa = PBXTargetDependency;
			target = 5E824E112ADCF07400F2BDEC /* Music Progressive Bar */;
			targetProxy = 5E824E2D2ADCF07600F2BDEC /* PBXContainerItemProxy */;
		};
/* End PBXTargetDependency section */

/* Begin XCBuildConfiguration section */
		5E824E342ADCF07600F2BDEC /* Debug */ = {
			isa = XCBuildConfiguration;
			buildSettings = {
				ALWAYS_SEARCH_USER_PATHS = NO;
				ASSETCATALOG_COMPILER_GENERATE_SWIFT_ASSET_SYMBOL_EXTENSIONS = YES;
				CLANG_ANALYZER_NONNULL = YES;
				CLANG_ANALYZER_NUMBER_OBJECT_CONVERSION = YES_AGGRESSIVE;
				CLANG_CXX_LANGUAGE_STANDARD = "gnu++20";
				CLANG_ENABLE_MODULES = YES;
				CLANG_ENABLE_OBJC_ARC = YES;
				CLANG_ENABLE_OBJC_WEAK = YES;
				CLANG_WARN_BLOCK_CAPTURE_AUTORELEASING = YES;
				CLANG_WARN_BOOL_CONVERSION = YES;
				CLANG_WARN_COMMA = YES;
				CLANG_WARN_CONSTANT_CONVERSION = YES;
				CLANG_WARN_DEPRECATED_OBJC_IMPLEMENTATIONS = YES;
				CLANG_WARN_DIRECT_OBJC_ISA_USAGE = YES_ERROR;
				CLANG_WARN_DOCUMENTATION_COMMENTS = YES;
				CLANG_WARN_EMPTY_BODY = YES;
				CLANG_WARN_ENUM_CONVERSION = YES;
				CLANG_WARN_INFINITE_RECURSION = YES;
				CLANG_WARN_INT_CONVERSION = YES;
				CLANG_WARN_NON_LITERAL_NULL_CONVERSION = YES;
				CLANG_WARN_OBJC_IMPLICIT_RETAIN_SELF = YES;
				CLANG_WARN_OBJC_LITERAL_CONVERSION = YES;
				CLANG_WARN_OBJC_ROOT_CLASS = YES_ERROR;
				CLANG_WARN_QUOTED_INCLUDE_IN_FRAMEWORK_HEADER = YES;
				CLANG_WARN_RANGE_LOOP_ANALYSIS = YES;
				CLANG_WARN_STRICT_PROTOTYPES = YES;
				CLANG_WARN_SUSPICIOUS_MOVE = YES;
				CLANG_WARN_UNGUARDED_AVAILABILITY = YES_AGGRESSIVE;
				CLANG_WARN_UNREACHABLE_CODE = YES;
				CLANG_WARN__DUPLICATE_METHOD_MATCH = YES;
				COPY_PHASE_STRIP = NO;
				DEBUG_INFORMATION_FORMAT = dwarf;
				ENABLE_STRICT_OBJC_MSGSEND = YES;
				ENABLE_TESTABILITY = YES;
				ENABLE_USER_SCRIPT_SANDBOXING = YES;
				GCC_C_LANGUAGE_STANDARD = gnu17;
				GCC_DYNAMIC_NO_PIC = NO;
				GCC_NO_COMMON_BLOCKS = YES;
				GCC_OPTIMIZATION_LEVEL = 0;
				GCC_PREPROCESSOR_DEFINITIONS = (
					"DEBUG=1",
					"$(inherited)",
				);
				GCC_WARN_64_TO_32_BIT_CONVERSION = YES;
				GCC_WARN_ABOUT_RETURN_TYPE = YES_ERROR;
				GCC_WARN_UNDECLARED_SELECTOR = YES;
				GCC_WARN_UNINITIALIZED_AUTOS = YES_AGGRESSIVE;
				GCC_WARN_UNUSED_FUNCTION = YES;
				GCC_WARN_UNUSED_VARIABLE = YES;
				IPHONEOS_DEPLOYMENT_TARGET = 17.0;
				LOCALIZATION_PREFERS_STRING_CATALOGS = YES;
				MTL_ENABLE_DEBUG_INFO = INCLUDE_SOURCE;
				MTL_FAST_MATH = YES;
				ONLY_ACTIVE_ARCH = YES;
				SDKROOT = iphoneos;
				SWIFT_ACTIVE_COMPILATION_CONDITIONS = "DEBUG $(inherited)";
				SWIFT_OPTIMIZATION_LEVEL = "-Onone";
			};
			name = Debug;
		};
		5E824E352ADCF07600F2BDEC /* Release */ = {
			isa = XCBuildConfiguration;
			buildSettings = {
				ALWAYS_SEARCH_USER_PATHS = NO;
				ASSETCATALOG_COMPILER_GENERATE_SWIFT_ASSET_SYMBOL_EXTENSIONS = YES;
				CLANG_ANALYZER_NONNULL = YES;
				CLANG_ANALYZER_NUMBER_OBJECT_CONVERSION = YES_AGGRESSIVE;
				CLANG_CXX_LANGUAGE_STANDARD = "gnu++20";
				CLANG_ENABLE_MODULES = YES;
				CLANG_ENABLE_OBJC_ARC = YES;
				CLANG_ENABLE_OBJC_WEAK = YES;
				CLANG_WARN_BLOCK_CAPTURE_AUTORELEASING = YES;
				CLANG_WARN_BOOL_CONVERSION = YES;
				CLANG_WARN_COMMA = YES;
				CLANG_WARN_CONSTANT_CONVERSION = YES;
				CLANG_WARN_DEPRECATED_OBJC_IMPLEMENTATIONS = YES;
				CLANG_WARN_DIRECT_OBJC_ISA_USAGE = YES_ERROR;
				CLANG_WARN_DOCUMENTATION_COMMENTS = YES;
				CLANG_WARN_EMPTY_BODY = YES;
				CLANG_WARN_ENUM_CONVERSION = YES;
				CLANG_WARN_INFINITE_RECURSION = YES;
				CLANG_WARN_INT_CONVERSION = YES;
				CLANG_WARN_NON_LITERAL_NULL_CONVERSION = YES;
				CLANG_WARN_OBJC_IMPLICIT_RETAIN_SELF = YES;
				CLANG_WARN_OBJC_LITERAL_CONVERSION = YES;
				CLANG_WARN_OBJC_ROOT_CLASS = YES_ERROR;
				CLANG_WARN_QUOTED_INCLUDE_IN_FRAMEWORK_HEADER = YES;
				CLANG_WARN_RANGE_LOOP_ANALYSIS = YES;
				CLANG_WARN_STRICT_PROTOTYPES = YES;
				CLANG_WARN_SUSPICIOUS_MOVE = YES;
				CLANG_WARN_UNGUARDED_AVAILABILITY = YES_AGGRESSIVE;
				CLANG_WARN_UNREACHABLE_CODE = YES;
				CLANG_WARN__DUPLICATE_METHOD_MATCH = YES;
				COPY_PHASE_STRIP = NO;
				DEBUG_INFORMATION_FORMAT = "dwarf-with-dsym";
				ENABLE_NS_ASSERTIONS = NO;
				ENABLE_STRICT_OBJC_MSGSEND = YES;
				ENABLE_USER_SCRIPT_SANDBOXING = YES;
				GCC_C_LANGUAGE_STANDARD = gnu17;
				GCC_NO_COMMON_BLOCKS = YES;
				GCC_WARN_64_TO_32_BIT_CONVERSION = YES;
				GCC_WARN_ABOUT_RETURN_TYPE = YES_ERROR;
				GCC_WARN_UNDECLARED_SELECTOR = YES;
				GCC_WARN_UNINITIALIZED_AUTOS = YES_AGGRESSIVE;
				GCC_WARN_UNUSED_FUNCTION = YES;
				GCC_WARN_UNUSED_VARIABLE = YES;
				IPHONEOS_DEPLOYMENT_TARGET = 17.0;
				LOCALIZATION_PREFERS_STRING_CATALOGS = YES;
				MTL_ENABLE_DEBUG_INFO = NO;
				MTL_FAST_MATH = YES;
				SDKROOT = iphoneos;
				SWIFT_COMPILATION_MODE = wholemodule;
				VALIDATE_PRODUCT = YES;
			};
			name = Release;
		};
		5E824E372ADCF07600F2BDEC /* Debug */ = {
			isa = XCBuildConfiguration;
			buildSettings = {
				ASSETCATALOG_COMPILER_APPICON_NAME = AppIcon;
				ASSETCATALOG_COMPILER_GLOBAL_ACCENT_COLOR_NAME = AccentColor;
				CODE_SIGN_STYLE = Automatic;
				CURRENT_PROJECT_VERSION = 1;
				DEVELOPMENT_ASSET_PATHS = "\"Music Progressive Bar/Preview Content\"";
				DEVELOPMENT_TEAM = 4372Q4V744;
				ENABLE_PREVIEWS = YES;
				GENERATE_INFOPLIST_FILE = YES;
				INFOPLIST_FILE = "Music-Progressive-Bar-Info.plist";
				INFOPLIST_KEY_NSLocationAlwaysUsageDescription = "파일 접근 권한이 필요합니다";
				INFOPLIST_KEY_UIApplicationSceneManifest_Generation = YES;
				INFOPLIST_KEY_UIApplicationSupportsIndirectInputEvents = YES;
				INFOPLIST_KEY_UILaunchScreen_Generation = YES;
				INFOPLIST_KEY_UISupportedInterfaceOrientations_iPad = "UIInterfaceOrientationPortrait UIInterfaceOrientationPortraitUpsideDown UIInterfaceOrientationLandscapeLeft UIInterfaceOrientationLandscapeRight";
				INFOPLIST_KEY_UISupportedInterfaceOrientations_iPhone = "UIInterfaceOrientationPortrait UIInterfaceOrientationLandscapeLeft UIInterfaceOrientationLandscapeRight";
				IPHONEOS_DEPLOYMENT_TARGET = 15.0;
				"IPHONEOS_DEPLOYMENT_TARGET[sdk=iphoneos*]" = 17.0;
				LD_RUNPATH_SEARCH_PATHS = (
					"$(inherited)",
					"@executable_path/Frameworks",
				);
				MARKETING_VERSION = 1.0;
				PRODUCT_BUNDLE_IDENTIFIER = "none.Music-Progressive-Bar";
				PRODUCT_NAME = "$(TARGET_NAME)";
				SUPPORTED_PLATFORMS = "iphoneos iphonesimulator";
				SUPPORTS_MACCATALYST = NO;
				SUPPORTS_MAC_DESIGNED_FOR_IPHONE_IPAD = NO;
				SWIFT_EMIT_LOC_STRINGS = YES;
				SWIFT_VERSION = 5.0;
				TARGETED_DEVICE_FAMILY = 1;
			};
			name = Debug;
		};
		5E824E382ADCF07600F2BDEC /* Release */ = {
			isa = XCBuildConfiguration;
			buildSettings = {
				ASSETCATALOG_COMPILER_APPICON_NAME = AppIcon;
				ASSETCATALOG_COMPILER_GLOBAL_ACCENT_COLOR_NAME = AccentColor;
				CODE_SIGN_STYLE = Automatic;
				CURRENT_PROJECT_VERSION = 1;
				DEVELOPMENT_ASSET_PATHS = "\"Music Progressive Bar/Preview Content\"";
				DEVELOPMENT_TEAM = 4372Q4V744;
				ENABLE_PREVIEWS = YES;
				GENERATE_INFOPLIST_FILE = YES;
				INFOPLIST_FILE = "Music-Progressive-Bar-Info.plist";
				INFOPLIST_KEY_NSLocationAlwaysUsageDescription = "파일 접근 권한이 필요합니다";
				INFOPLIST_KEY_UIApplicationSceneManifest_Generation = YES;
				INFOPLIST_KEY_UIApplicationSupportsIndirectInputEvents = YES;
				INFOPLIST_KEY_UILaunchScreen_Generation = YES;
				INFOPLIST_KEY_UISupportedInterfaceOrientations_iPad = "UIInterfaceOrientationPortrait UIInterfaceOrientationPortraitUpsideDown UIInterfaceOrientationLandscapeLeft UIInterfaceOrientationLandscapeRight";
				INFOPLIST_KEY_UISupportedInterfaceOrientations_iPhone = "UIInterfaceOrientationPortrait UIInterfaceOrientationLandscapeLeft UIInterfaceOrientationLandscapeRight";
				IPHONEOS_DEPLOYMENT_TARGET = 17.0;
				LD_RUNPATH_SEARCH_PATHS = (
					"$(inherited)",
					"@executable_path/Frameworks",
				);
				MARKETING_VERSION = 1.0;
				PRODUCT_BUNDLE_IDENTIFIER = "none.Music-Progressive-Bar";
				PRODUCT_NAME = "$(TARGET_NAME)";
				SUPPORTED_PLATFORMS = "iphoneos iphonesimulator";
				SUPPORTS_MACCATALYST = NO;
				SUPPORTS_MAC_DESIGNED_FOR_IPHONE_IPAD = NO;
				SWIFT_EMIT_LOC_STRINGS = YES;
				SWIFT_VERSION = 5.0;
				TARGETED_DEVICE_FAMILY = 1;
			};
			name = Release;
		};
		5E824E3A2ADCF07600F2BDEC /* Debug */ = {
			isa = XCBuildConfiguration;
			buildSettings = {
				ALWAYS_EMBED_SWIFT_STANDARD_LIBRARIES = YES;
				BUNDLE_LOADER = "$(TEST_HOST)";
				CODE_SIGN_STYLE = Automatic;
				CURRENT_PROJECT_VERSION = 1;
				DEVELOPMENT_TEAM = 4372Q4V744;
				GENERATE_INFOPLIST_FILE = YES;
				IPHONEOS_DEPLOYMENT_TARGET = 17.0;
				MARKETING_VERSION = 1.0;
				PRODUCT_BUNDLE_IDENTIFIER = "none.Music-Progressive-BarTests";
				PRODUCT_NAME = "$(TARGET_NAME)";
				SWIFT_EMIT_LOC_STRINGS = NO;
				SWIFT_VERSION = 5.0;
				TARGETED_DEVICE_FAMILY = "1,2";
				TEST_HOST = "$(BUILT_PRODUCTS_DIR)/Music Progressive Bar.app/$(BUNDLE_EXECUTABLE_FOLDER_PATH)/Music Progressive Bar";
			};
			name = Debug;
		};
		5E824E3B2ADCF07600F2BDEC /* Release */ = {
			isa = XCBuildConfiguration;
			buildSettings = {
				ALWAYS_EMBED_SWIFT_STANDARD_LIBRARIES = YES;
				BUNDLE_LOADER = "$(TEST_HOST)";
				CODE_SIGN_STYLE = Automatic;
				CURRENT_PROJECT_VERSION = 1;
				DEVELOPMENT_TEAM = 4372Q4V744;
				GENERATE_INFOPLIST_FILE = YES;
				IPHONEOS_DEPLOYMENT_TARGET = 17.0;
				MARKETING_VERSION = 1.0;
				PRODUCT_BUNDLE_IDENTIFIER = "none.Music-Progressive-BarTests";
				PRODUCT_NAME = "$(TARGET_NAME)";
				SWIFT_EMIT_LOC_STRINGS = NO;
				SWIFT_VERSION = 5.0;
				TARGETED_DEVICE_FAMILY = "1,2";
				TEST_HOST = "$(BUILT_PRODUCTS_DIR)/Music Progressive Bar.app/$(BUNDLE_EXECUTABLE_FOLDER_PATH)/Music Progressive Bar";
			};
			name = Release;
		};
		5E824E3D2ADCF07600F2BDEC /* Debug */ = {
			isa = XCBuildConfiguration;
			buildSettings = {
				ALWAYS_EMBED_SWIFT_STANDARD_LIBRARIES = YES;
				CODE_SIGN_STYLE = Automatic;
				CURRENT_PROJECT_VERSION = 1;
				DEVELOPMENT_TEAM = 4372Q4V744;
				GENERATE_INFOPLIST_FILE = YES;
				MARKETING_VERSION = 1.0;
				PRODUCT_BUNDLE_IDENTIFIER = "none.Music-Progressive-BarUITests";
				PRODUCT_NAME = "$(TARGET_NAME)";
				SWIFT_EMIT_LOC_STRINGS = NO;
				SWIFT_VERSION = 5.0;
				TARGETED_DEVICE_FAMILY = "1,2";
				TEST_TARGET_NAME = "Music Progressive Bar";
			};
			name = Debug;
		};
		5E824E3E2ADCF07600F2BDEC /* Release */ = {
			isa = XCBuildConfiguration;
			buildSettings = {
				ALWAYS_EMBED_SWIFT_STANDARD_LIBRARIES = YES;
				CODE_SIGN_STYLE = Automatic;
				CURRENT_PROJECT_VERSION = 1;
				DEVELOPMENT_TEAM = 4372Q4V744;
				GENERATE_INFOPLIST_FILE = YES;
				MARKETING_VERSION = 1.0;
				PRODUCT_BUNDLE_IDENTIFIER = "none.Music-Progressive-BarUITests";
				PRODUCT_NAME = "$(TARGET_NAME)";
				SWIFT_EMIT_LOC_STRINGS = NO;
				SWIFT_VERSION = 5.0;
				TARGETED_DEVICE_FAMILY = "1,2";
				TEST_TARGET_NAME = "Music Progressive Bar";
			};
			name = Release;
		};
/* End XCBuildConfiguration section */

/* Begin XCConfigurationList section */
		5E824E0D2ADCF07400F2BDEC /* Build configuration list for PBXProject "Music Progressive Bar" */ = {
			isa = XCConfigurationList;
			buildConfigurations = (
				5E824E342ADCF07600F2BDEC /* Debug */,
				5E824E352ADCF07600F2BDEC /* Release */,
			);
			defaultConfigurationIsVisible = 0;
			defaultConfigurationName = Release;
		};
		5E824E362ADCF07600F2BDEC /* Build configuration list for PBXNativeTarget "Music Progressive Bar" */ = {
			isa = XCConfigurationList;
			buildConfigurations = (
				5E824E372ADCF07600F2BDEC /* Debug */,
				5E824E382ADCF07600F2BDEC /* Release */,
			);
			defaultConfigurationIsVisible = 0;
			defaultConfigurationName = Release;
		};
		5E824E392ADCF07600F2BDEC /* Build configuration list for PBXNativeTarget "Music Progressive BarTests" */ = {
			isa = XCConfigurationList;
			buildConfigurations = (
				5E824E3A2ADCF07600F2BDEC /* Debug */,
				5E824E3B2ADCF07600F2BDEC /* Release */,
			);
			defaultConfigurationIsVisible = 0;
			defaultConfigurationName = Release;
		};
		5E824E3C2ADCF07600F2BDEC /* Build configuration list for PBXNativeTarget "Music Progressive BarUITests" */ = {
			isa = XCConfigurationList;
			buildConfigurations = (
				5E824E3D2ADCF07600F2BDEC /* Debug */,
				5E824E3E2ADCF07600F2BDEC /* Release */,
			);
			defaultConfigurationIsVisible = 0;
			defaultConfigurationName = Release;
		};
/* End XCConfigurationList section */

/* Begin XCRemoteSwiftPackageReference section */
		5EABB5692ADFD5BC0013EFB6 /* XCRemoteSwiftPackageReference "document-picker" */ = {
			isa = XCRemoteSwiftPackageReference;
			repositoryURL = "https://github.com/swiftuilib/document-picker.git";
			requirement = {
				kind = upToNextMajorVersion;
				minimumVersion = 1.0.0;
			};
		};
/* End XCRemoteSwiftPackageReference section */

/* Begin XCSwiftPackageProductDependency section */
		5EABB56A2ADFD5BC0013EFB6 /* SwiftUILib.DocumentPicker */ = {
			isa = XCSwiftPackageProductDependency;
			package = 5EABB5692ADFD5BC0013EFB6 /* XCRemoteSwiftPackageReference "document-picker" */;
			productName = SwiftUILib.DocumentPicker;
		};
/* End XCSwiftPackageProductDependency section */
	};
	rootObject = 5E824E0A2ADCF07400F2BDEC /* Project object */;
}
